
Microsoft Visual Studio Solution File, Format Version 12.00
# Visual Studio 15
VisualStudioVersion = 15.0.28010.2016
MinimumVisualStudioVersion = 10.0.40219.1
Project("{FAE04EC0-301F-11D3-BF4B-00C04F79EFBC}") = "A2IanMartin", "A2IanMartin\A2IanMartin.csproj", "{64ED60D1-0267-414E-817C-F016E8FF599B}"
EndProject
Global
	GlobalSection(SolutionConfigurationPlatforms) = preSolution
		Debug|Any CPU = Debug|Any CPU
		Release|Any CPU = Release|Any CPU
	EndGlobalSection
	GlobalSection(ProjectConfigurationPlatforms) = postSolution
		{64ED60D1-0267-414E-817C-F016E8FF599B}.Debug|Any CPU.ActiveCfg = Debug|Any CPU
		{64ED60D1-0267-414E-817C-F016E8FF599B}.Debug|Any CPU.Build.0 = Debug|Any CPU
		{64ED60D1-0267-414E-817C-F016E8FF599B}.Release|Any CPU.ActiveCfg = Release|Any CPU
		{64ED60D1-0267-414E-817C-F016E8FF599B}.Release|Any CPU.Build.0 = Release|Any CPU
	EndGlobalSection
	GlobalSection(SolutionProperties) = preSolution
		HideSolutionNode = FALSE
	EndGlobalSection
	GlobalSection(ExtensibilityGlobals) = postSolution
		SolutionGuid = {C706122F-A3B5-41DB-92A3-6F702E5231E9}
	EndGlobalSection
EndGlobal
